
Microsoft Visual Studio Solution File, Format Version 12.00
# Visual Studio 2013
VisualStudioVersion = 12.0.30723.0
MinimumVisualStudioVersion = 10.0.40219.1
Project("{FAE04EC0-301F-11D3-BF4B-00C04F79EFBC}") = "UniversityManagementSystem.UI", "UniversityManagementSystem.UI\UniversityManagementSystem.UI.csproj", "{D058842A-7133-4886-AB5E-494CE91E65F7}"
EndProject
Project("{FAE04EC0-301F-11D3-BF4B-00C04F79EFBC}") = "UniversityManagementSystem.UI.Tests", "UniversityManagementSystem.UI.Tests\UniversityManagementSystem.UI.Tests.csproj", "{5FC801A6-6979-478B-B031-C49E0DF95100}"
EndProject
Global
	GlobalSection(SolutionConfigurationPlatforms) = preSolution
		Debug|Any CPU = Debug|Any CPU
		Release|Any CPU = Release|Any CPU
	EndGlobalSection
	GlobalSection(ProjectConfigurationPlatforms) = postSolution
		{D058842A-7133-4886-AB5E-494CE91E65F7}.Debug|Any CPU.ActiveCfg = Debug|Any CPU
		{D058842A-7133-4886-AB5E-494CE91E65F7}.Debug|Any CPU.Build.0 = Debug|Any CPU
		{D058842A-7133-4886-AB5E-494CE91E65F7}.Release|Any CPU.ActiveCfg = Release|Any CPU
		{D058842A-7133-4886-AB5E-494CE91E65F7}.Release|Any CPU.Build.0 = Release|Any CPU
		{5FC801A6-6979-478B-B031-C49E0DF95100}.Debug|Any CPU.ActiveCfg = Debug|Any CPU
		{5FC801A6-6979-478B-B031-C49E0DF95100}.Debug|Any CPU.Build.0 = Debug|Any CPU
		{5FC801A6-6979-478B-B031-C49E0DF95100}.Release|Any CPU.ActiveCfg = Release|Any CPU
		{5FC801A6-6979-478B-B031-C49E0DF95100}.Release|Any CPU.Build.0 = Release|Any CPU
	EndGlobalSection
	GlobalSection(SolutionProperties) = preSolution
		HideSolutionNode = FALSE
	EndGlobalSection
EndGlobal
